# This file is automatically @generated by Cargo.
# It is not intended for manual editing.
version = 3

[[package]]
name = "arrayref"
version = "0.3.4"
source = "registry+https://github.com/rust-lang/crates.io-index"
checksum = "0fd1479b7c29641adbd35ff3b5c293922d696a92f25c8c975da3e0acbc87258f"

[[package]]
name = "base-x"
version = "0.2.2"
source = "registry+https://github.com/rust-lang/crates.io-index"
checksum = "2f59103b47307f76e03bef1633aec7fa9e29bfb5aa6daf5a334f94233c71f6c1"

[[package]]
name = "bitflags"
version = "1.0.3"
source = "registry+https://github.com/rust-lang/crates.io-index"
checksum = "d0c54bb8f454c567f21197eefcdbf5679d0bd99f2ddbe52e84c77061952e6789"

[[package]]
name = "block-buffer"
version = "0.3.3"
source = "registry+https://github.com/rust-lang/crates.io-index"
checksum = "a076c298b9ecdb530ed9d967e74a6027d6a7478924520acddcddc24c1c8ab3ab"
dependencies = [
 "arrayref",
 "byte-tools",
]

[[package]]
name = "byte-tools"
version = "0.2.0"
source = "registry+https://github.com/rust-lang/crates.io-index"
checksum = "560c32574a12a89ecd91f5e742165893f86e3ab98d21f8ea548658eb9eef5f40"

[[package]]
name = "byteorder"
version = "1.2.3"
source = "registry+https://github.com/rust-lang/crates.io-index"
checksum = "74c0b906e9446b0a2e4f760cdb3fa4b2c48cdc6db8766a845c54b6ff063fd2e9"

[[package]]
name = "cc"
version = "1.0.17"
source = "registry+https://github.com/rust-lang/crates.io-index"
checksum = "49ec142f5768efb5b7622aebc3fdbdbb8950a4b9ba996393cb76ef7466e8747d"

[[package]]
name = "clear_on_drop"
version = "0.2.3"
source = "registry+https://github.com/rust-lang/crates.io-index"
checksum = "97276801e127ffb46b66ce23f35cc96bd454fa311294bced4bbace7baa8b1d17"
dependencies = [
 "cc",
]

[[package]]
name = "cloudabi"
version = "0.0.3"
source = "registry+https://github.com/rust-lang/crates.io-index"
checksum = "ddfc5b9aa5d4507acaf872de71051dfd0e309860e88966e1051e462a077aac4f"
dependencies = [
 "bitflags",
]

[[package]]
name = "constant_time_eq"
version = "0.1.3"
source = "registry+https://github.com/rust-lang/crates.io-index"
checksum = "8ff012e225ce166d4422e0e78419d901719760f62ae2b7969ca6b564d1b54a9e"

[[package]]
name = "crypto-mac"
version = "0.5.2"
source = "registry+https://github.com/rust-lang/crates.io-index"
checksum = "0999b4ff4d3446d4ddb19a63e9e00c1876e75cd7000d20e57a693b4b3f08d958"
dependencies = [
 "constant_time_eq",
 "generic-array",
]

[[package]]
name = "curve25519-dalek"
version = "0.17.0"
source = "registry+https://github.com/rust-lang/crates.io-index"
checksum = "e5808ccadbb61565fd184702be128ac43a6a33561bcd976a0d7a388b06ad696d"
dependencies = [
 "byteorder",
 "clear_on_drop",
 "digest",
 "generic-array",
 "rand",
 "subtle",
]

[[package]]
name = "digest"
version = "0.7.4"
source = "registry+https://github.com/rust-lang/crates.io-index"
checksum = "3cae2388d706b52f2f2f9afe280f9d768be36544bd71d1b8120cb34ea6450b55"
dependencies = [
 "generic-array",
]

[[package]]
name = "discard"
version = "1.0.3"
source = "registry+https://github.com/rust-lang/crates.io-index"
checksum = "9a9117502da3c5657cb8e2ca7ffcf52d659f00c78c5127d1ebadc2ebe76465be"

[[package]]
name = "dtoa"
version = "0.4.2"
source = "registry+https://github.com/rust-lang/crates.io-index"
checksum = "09c3753c3db574d215cba4ea76018483895d7bff25a31b49ba45db21c48e50ab"

[[package]]
name = "fake-simd"
version = "0.1.2"
source = "registry+https://github.com/rust-lang/crates.io-index"
checksum = "e88a8acf291dafb59c2d96e8f59828f3838bb1a70398823ade51a84de6a6deed"

[[package]]
name = "fuchsia-zircon"
version = "0.3.3"
source = "registry+https://github.com/rust-lang/crates.io-index"
checksum = "2e9763c69ebaae630ba35f74888db465e49e259ba1bc0eda7d06f4a067615d82"
dependencies = [
 "bitflags",
 "fuchsia-zircon-sys",
]

[[package]]
name = "fuchsia-zircon-sys"
version = "0.3.3"
source = "registry+https://github.com/rust-lang/crates.io-index"
checksum = "3dcaa9ae7725d12cdb85b3ad99a434db70b468c09ded17e012d86b5c1010f7a7"

[[package]]
name = "generic-array"
version = "0.9.1"
source = "registry+https://github.com/rust-lang/crates.io-index"
checksum = "6d00328cedcac5e81c683e5620ca6a30756fc23027ebf9bff405c0e8da1fbb7e"
dependencies = [
 "typenum",
]

[[package]]
name = "hex"
version = "0.3.2"
source = "registry+https://github.com/rust-lang/crates.io-index"
checksum = "805026a5d0141ffc30abb3be3173848ad46a1b1664fe632428479619a3644d77"

[[package]]
name = "hkdf"
version = "0.5.0"
source = "registry+https://github.com/rust-lang/crates.io-index"
checksum = "dc351e6b070a96006f9d98cf67f14a7f2dfe2e205b081da3fa50d05f6b5b9e01"
dependencies = [
 "digest",
 "generic-array",
 "hmac",
]

[[package]]
name = "hmac"
version = "0.5.0"
source = "registry+https://github.com/rust-lang/crates.io-index"
checksum = "44f3bdb08579d99d7dc761c0e266f13b5f2ab8c8c703b9fc9ef333cd8f48f55e"
dependencies = [
 "crypto-mac",
 "digest",
]

[[package]]
name = "itoa"
version = "0.4.1"
source = "registry+https://github.com/rust-lang/crates.io-index"
checksum = "c069bbec61e1ca5a596166e55dfe4773ff745c3d16b700013bcaff9a6df2c682"

[[package]]
name = "lazy_static"
version = "1.0.1"
source = "registry+https://github.com/rust-lang/crates.io-index"
checksum = "e6412c5e2ad9584b0b8e979393122026cdd6d2a80b933f890dcd694ddbe73739"

[[package]]
name = "libc"
version = "0.2.42"
source = "registry+https://github.com/rust-lang/crates.io-index"
checksum = "b685088df2b950fccadf07a7187c8ef846a959c142338a48f9dc0b94517eb5f1"

[[package]]
name = "num-bigint"
version = "0.2.0"
source = "registry+https://github.com/rust-lang/crates.io-index"
checksum = "3eceac7784c5dc97c2d6edf30259b4e153e6e2b42b3c85e9a6e9f45d06caef6e"
dependencies = [
 "num-integer",
 "num-traits",
]

[[package]]
name = "num-integer"
version = "0.1.39"
source = "registry+https://github.com/rust-lang/crates.io-index"
checksum = "e83d528d2677f0518c570baf2b7abdcf0cd2d248860b68507bdcb3e91d4c0cea"
dependencies = [
 "num-traits",
]

[[package]]
name = "num-traits"
version = "0.2.5"
source = "registry+https://github.com/rust-lang/crates.io-index"
checksum = "630de1ef5cc79d0cdd78b7e33b81f083cbfe90de0f4b2b2f07f905867c70e9fe"

[[package]]
name = "pairsona_spake2"
version = "0.0.1"
dependencies = [
 "clear_on_drop",
 "hex",
 "lazy_static",
 "rand",
 "serde",
 "serde_derive",
 "serde_json",
 "spake2",
 "stdweb",
]

[[package]]
name = "proc-macro2"
version = "0.2.3"
source = "registry+https://github.com/rust-lang/crates.io-index"
checksum = "cd07deb3c6d1d9ff827999c7f9b04cdfd66b1b17ae508e14fe47b620f2282ae0"
dependencies = [
 "unicode-xid",
]

[[package]]
name = "proc-macro2"
version = "0.4.6"
source = "registry+https://github.com/rust-lang/crates.io-index"
checksum = "effdb53b25cdad54f8f48843d67398f7ef2e14f12c1b4cb4effc549a6462a4d6"
dependencies = [
 "unicode-xid",
]

[[package]]
name = "quote"
version = "0.4.2"
source = "registry+https://github.com/rust-lang/crates.io-index"
checksum = "1eca14c727ad12702eb4b6bfb5a232287dcf8385cb8ca83a3eeaf6519c44c408"
dependencies = [
 "proc-macro2 0.2.3",
]

[[package]]
name = "quote"
version = "0.6.3"
source = "registry+https://github.com/rust-lang/crates.io-index"
checksum = "e44651a0dc4cdd99f71c83b561e221f714912d11af1a4dff0631f923d53af035"
dependencies = [
 "proc-macro2 0.4.6",
]

[[package]]
name = "rand"
version = "0.5.3"
source = "registry+https://github.com/rust-lang/crates.io-index"
checksum = "6802c0e883716383777e147b7c21323d5de7527257c8b6dc1365a7f2983e90f6"
dependencies = [
 "cloudabi",
 "fuchsia-zircon",
 "libc",
 "rand_core",
 "stdweb",
 "winapi",
]

[[package]]
name = "rand_core"
version = "0.2.1"
source = "registry+https://github.com/rust-lang/crates.io-index"
checksum = "edecf0f94da5551fc9b492093e30b041a891657db7940ee221f9d2f66e82eef2"

[[package]]
name = "serde"
version = "1.0.69"
source = "registry+https://github.com/rust-lang/crates.io-index"
checksum = "210e5a3b159c566d7527e9b22e44be73f2e0fcc330bb78fef4dbccb56d2e74c8"

[[package]]
name = "serde_derive"
version = "1.0.69"
source = "registry+https://github.com/rust-lang/crates.io-index"
checksum = "dd724d68017ae3a7e63600ee4b2fdb3cad2158ffd1821d44aff4580f63e2b593"
dependencies = [
 "proc-macro2 0.4.6",
 "quote 0.6.3",
 "syn 0.14.4",
]

[[package]]
name = "serde_json"
version = "1.0.22"
source = "registry+https://github.com/rust-lang/crates.io-index"
checksum = "84b8035cabe9b35878adec8ac5fe03d5f6bc97ff6edd7ccb96b44c1276ba390e"
dependencies = [
 "dtoa",
 "itoa",
 "serde",
]

[[package]]
name = "sha2"
version = "0.7.1"
source = "registry+https://github.com/rust-lang/crates.io-index"
checksum = "9eb6be24e4c23a84d7184280d2722f7f2731fcdd4a9d886efbfe4413e4847ea0"
dependencies = [
 "block-buffer",
 "byte-tools",
 "digest",
 "fake-simd",
]

[[package]]
name = "spake2"
version = "0.0.8"
source = "registry+https://github.com/rust-lang/crates.io-index"
checksum = "2da926cd385d62fd254cc9c932bcfcbab54ed467e53ca3176181ee70ced90a9f"
dependencies = [
 "curve25519-dalek",
 "hex",
 "hkdf",
 "num-bigint",
 "rand",
 "sha2",
]

[[package]]
name = "stdweb"
version = "0.4.7"
source = "registry+https://github.com/rust-lang/crates.io-index"
checksum = "5c243a39301e3ba81bf17101232b5f1a0efe11a919c6d0dda1881bf8d999149a"
dependencies = [
 "discard",
 "serde",
 "serde_json",
 "stdweb-derive",
 "stdweb-internal-macros",
]

[[package]]
name = "stdweb-derive"
version = "0.4.0"
source = "registry+https://github.com/rust-lang/crates.io-index"
checksum = "6aa46e9b38ea028a8a327ae6db35a486ace3eb834f5600bb3b6a71c0b6b1bd4b"
dependencies = [
 "quote 0.4.2",
 "serde",
 "serde_derive",
 "syn 0.12.15",
]

[[package]]
name = "stdweb-internal-macros"
version = "0.1.0"
source = "registry+https://github.com/rust-lang/crates.io-index"
checksum = "b0bb3289dfd46bba44d80ed47a9b3d4c43bf6c1d7931b29e2fa86bd6697ccf59"
dependencies = [
 "base-x",
 "quote 0.4.2",
 "serde",
 "serde_derive",
 "serde_json",
 "syn 0.12.15",
]

[[package]]
name = "subtle"
version = "0.6.3"
source = "registry+https://github.com/rust-lang/crates.io-index"
checksum = "b3d2ddb6e9a9cc03eb7806a1c994ae1221259669bbe4efe9dd2dff136d3a117d"

[[package]]
name = "syn"
version = "0.12.15"
source = "registry+https://github.com/rust-lang/crates.io-index"
checksum = "c97c05b8ebc34ddd6b967994d5c6e9852fa92f8b82b3858c39451f97346dcce5"
dependencies = [
 "proc-macro2 0.2.3",
 "quote 0.4.2",
 "unicode-xid",
]

[[package]]
name = "syn"
version = "0.14.4"
source = "registry+https://github.com/rust-lang/crates.io-index"
checksum = "2beff8ebc3658f07512a413866875adddd20f4fd47b2a4e6c9da65cd281baaea"
dependencies = [
 "proc-macro2 0.4.6",
 "quote 0.6.3",
 "unicode-xid",
]

[[package]]
name = "typenum"
version = "1.10.0"
source = "registry+https://github.com/rust-lang/crates.io-index"
checksum = "612d636f949607bdf9b123b4a6f6d966dedf3ff669f7f045890d3a4a73948169"

[[package]]
name = "unicode-xid"
version = "0.1.0"
source = "registry+https://github.com/rust-lang/crates.io-index"
checksum = "fc72304796d0818e357ead4e000d19c9c174ab23dc11093ac919054d20a6a7fc"

[[package]]
name = "winapi"
version = "0.3.5"
source = "registry+https://github.com/rust-lang/crates.io-index"
checksum = "773ef9dcc5f24b7d850d0ff101e542ff24c3b090a9768e03ff889fdef41f00fd"
dependencies = [
 "winapi-i686-pc-windows-gnu",
 "winapi-x86_64-pc-windows-gnu",
]

[[package]]
name = "winapi-i686-pc-windows-gnu"
version = "0.4.0"
source = "registry+https://github.com/rust-lang/crates.io-index"
checksum = "ac3b87c63620426dd9b991e5ce0329eff545bccbbb34f3be09ff6fb6ab51b7b6"

[[package]]
name = "winapi-x86_64-pc-windows-gnu"
version = "0.4.0"
source = "registry+https://github.com/rust-lang/crates.io-index"
checksum = "712e227841d057c1ee1cd2fb22fa7e5a5461ae8e48fa2ca79ec42cfc1931183f"
